
Microsoft Visual Studio Solution File, Format Version 12.00
# Visual Studio 15
VisualStudioVersion = 15.0.27130.2036
MinimumVisualStudioVersion = 10.0.40219.1
Project("{FAE04EC0-301F-11D3-BF4B-00C04F79EFBC}") = "SagaTestOne", "SagaTestOne\SagaTestOne.csproj", "{0325C895-D610-4CE4-9D33-9AD840EF2A48}"
EndProject
Project("{FAE04EC0-301F-11D3-BF4B-00C04F79EFBC}") = "WebApiEndpoint", "SagaChildWebApi\WebApiEndpoint.csproj", "{B384616F-15AD-4EA2-B416-15FBBC52C2FD}"
EndProject
Project("{FAE04EC0-301F-11D3-BF4B-00C04F79EFBC}") = "DsEndpoint", "SagaChildDsEndpoint\DsEndpoint.csproj", "{944DC3E2-FED0-45E4-92A6-E31C9FFC50DD}"
EndProject
Project("{FAE04EC0-301F-11D3-BF4B-00C04F79EFBC}") = "SagaMessages", "SagaMessages\SagaMessages.csproj", "{DC19A4AE-7390-493D-97C4-7323286EB131}"
EndProject
Project("{FAE04EC0-301F-11D3-BF4B-00C04F79EFBC}") = "EfWrapperEndpoint", "EfWrapperEndpoint\EfWrapperEndpoint.csproj", "{FB3BAB14-63AE-4FA9-AADB-284E78F97542}"
EndProject
Global
	GlobalSection(SolutionConfigurationPlatforms) = preSolution
		Debug|Any CPU = Debug|Any CPU
		Release|Any CPU = Release|Any CPU
	EndGlobalSection
	GlobalSection(ProjectConfigurationPlatforms) = postSolution
		{0325C895-D610-4CE4-9D33-9AD840EF2A48}.Debug|Any CPU.ActiveCfg = Debug|Any CPU
		{0325C895-D610-4CE4-9D33-9AD840EF2A48}.Debug|Any CPU.Build.0 = Debug|Any CPU
		{0325C895-D610-4CE4-9D33-9AD840EF2A48}.Release|Any CPU.ActiveCfg = Release|Any CPU
		{0325C895-D610-4CE4-9D33-9AD840EF2A48}.Release|Any CPU.Build.0 = Release|Any CPU
		{B384616F-15AD-4EA2-B416-15FBBC52C2FD}.Debug|Any CPU.ActiveCfg = Debug|Any CPU
		{B384616F-15AD-4EA2-B416-15FBBC52C2FD}.Debug|Any CPU.Build.0 = Debug|Any CPU
		{B384616F-15AD-4EA2-B416-15FBBC52C2FD}.Release|Any CPU.ActiveCfg = Release|Any CPU
		{B384616F-15AD-4EA2-B416-15FBBC52C2FD}.Release|Any CPU.Build.0 = Release|Any CPU
		{944DC3E2-FED0-45E4-92A6-E31C9FFC50DD}.Debug|Any CPU.ActiveCfg = Debug|Any CPU
		{944DC3E2-FED0-45E4-92A6-E31C9FFC50DD}.Debug|Any CPU.Build.0 = Debug|Any CPU
		{944DC3E2-FED0-45E4-92A6-E31C9FFC50DD}.Release|Any CPU.ActiveCfg = Release|Any CPU
		{944DC3E2-FED0-45E4-92A6-E31C9FFC50DD}.Release|Any CPU.Build.0 = Release|Any CPU
		{DC19A4AE-7390-493D-97C4-7323286EB131}.Debug|Any CPU.ActiveCfg = Debug|Any CPU
		{DC19A4AE-7390-493D-97C4-7323286EB131}.Debug|Any CPU.Build.0 = Debug|Any CPU
		{DC19A4AE-7390-493D-97C4-7323286EB131}.Release|Any CPU.ActiveCfg = Release|Any CPU
		{DC19A4AE-7390-493D-97C4-7323286EB131}.Release|Any CPU.Build.0 = Release|Any CPU
		{FB3BAB14-63AE-4FA9-AADB-284E78F97542}.Debug|Any CPU.ActiveCfg = Debug|Any CPU
		{FB3BAB14-63AE-4FA9-AADB-284E78F97542}.Debug|Any CPU.Build.0 = Debug|Any CPU
		{FB3BAB14-63AE-4FA9-AADB-284E78F97542}.Release|Any CPU.ActiveCfg = Release|Any CPU
		{FB3BAB14-63AE-4FA9-AADB-284E78F97542}.Release|Any CPU.Build.0 = Release|Any CPU
	EndGlobalSection
	GlobalSection(SolutionProperties) = preSolution
		HideSolutionNode = FALSE
	EndGlobalSection
	GlobalSection(ExtensibilityGlobals) = postSolution
		SolutionGuid = {061A1BA7-DC98-4B7A-B6DA-788A210842AC}
	EndGlobalSection
EndGlobal
